// !$*UTF8*$!
{
	archiveVersion = 1;
	classes = {
	};
	objectVersion = 46;
	objects = {

/* Begin PBXBuildFile section */
		C227720E1F3B420400CEBA45 /* main.m in Sources */ = {isa = PBXBuildFile; fileRef = C227720D1F3B420400CEBA45 /* main.m */; };
		C22772111F3B420400CEBA45 /* AppDelegate.m in Sources */ = {isa = PBXBuildFile; fileRef = C22772101F3B420400CEBA45 /* AppDelegate.m */; };
		C22772141F3B420400CEBA45 /* ViewController.m in Sources */ = {isa = PBXBuildFile; fileRef = C22772131F3B420400CEBA45 /* ViewController.m */; };
		C22772171F3B420400CEBA45 /* Main.storyboard in Resources */ = {isa = PBXBuildFile; fileRef = C22772151F3B420400CEBA45 /* Main.storyboard */; };
		C22772191F3B420400CEBA45 /* Assets.xcassets in Resources */ = {isa = PBXBuildFile; fileRef = C22772181F3B420400CEBA45 /* Assets.xcassets */; };
		C227721C1F3B420400CEBA45 /* LaunchScreen.storyboard in Resources */ = {isa = PBXBuildFile; fileRef = C227721A1F3B420400CEBA45 /* LaunchScreen.storyboard */; };
		C22772271F3B420400CEBA45 /* LMVideoManagerTests.m in Sources */ = {isa = PBXBuildFile; fileRef = C22772261F3B420400CEBA45 /* LMVideoManagerTests.m */; };
		C22772321F3B420400CEBA45 /* LMVideoManagerUITests.m in Sources */ = {isa = PBXBuildFile; fileRef = C22772311F3B420400CEBA45 /* LMVideoManagerUITests.m */; };
		C22772411F3B422900CEBA45 /* LMVideoManager.m in Sources */ = {isa = PBXBuildFile; fileRef = C22772401F3B422900CEBA45 /* LMVideoManager.m */; };
		C22772441F3B423200CEBA45 /* LMVideoViewController.m in Sources */ = {isa = PBXBuildFile; fileRef = C22772431F3B423200CEBA45 /* LMVideoViewController.m */; };
		C2958AA41F443D2500CA099B /* LMNoticeLabel.m in Sources */ = {isa = PBXBuildFile; fileRef = C2958AA21F443D2500CA099B /* LMNoticeLabel.m */; };
		C2958AAC1F4446D100CA099B /* GPUImageBeautifyFilter.m in Sources */ = {isa = PBXBuildFile; fileRef = C2958AAB1F4446D100CA099B /* GPUImageBeautifyFilter.m */; };
		C2958B5E1F44470000CA099B /* libGPUImage.a in Frameworks */ = {isa = PBXBuildFile; fileRef = C2958AAE1F44470000CA099B /* libGPUImage.a */; };
/* End PBXBuildFile section */

/* Begin PBXContainerItemProxy section */
		C22772231F3B420400CEBA45 /* PBXContainerItemProxy */ = {
			isa = PBXContainerItemProxy;
			containerPortal = C22772011F3B420400CEBA45 /* Project object */;
			proxyType = 1;
			remoteGlobalIDString = C22772081F3B420400CEBA45;
			remoteInfo = LMVideoManager;
		};
		C227722E1F3B420400CEBA45 /* PBXContainerItemProxy */ = {
			isa = PBXContainerItemProxy;
			containerPortal = C22772011F3B420400CEBA45 /* Project object */;
			proxyType = 1;
			remoteGlobalIDString = C22772081F3B420400CEBA45;
			remoteInfo = LMVideoManager;
		};
/* End PBXContainerItemProxy section */

/* Begin PBXFileReference section */
		C22772091F3B420400CEBA45 /* LMVideoManager.app */ = {isa = PBXFileReference; explicitFileType = wrapper.application; includeInIndex = 0; path = LMVideoManager.app; sourceTree = BUILT_PRODUCTS_DIR; };
		C227720D1F3B420400CEBA45 /* main.m */ = {isa = PBXFileReference; lastKnownFileType = sourcecode.c.objc; path = main.m; sourceTree = "<group>"; };
		C227720F1F3B420400CEBA45 /* AppDelegate.h */ = {isa = PBXFileReference; lastKnownFileType = sourcecode.c.h; path = AppDelegate.h; sourceTree = "<group>"; };
		C22772101F3B420400CEBA45 /* AppDelegate.m */ = {isa = PBXFileReference; lastKnownFileType = sourcecode.c.objc; path = AppDelegate.m; sourceTree = "<group>"; };
		C22772121F3B420400CEBA45 /* ViewController.h */ = {isa = PBXFileReference; lastKnownFileType = sourcecode.c.h; path = ViewController.h; sourceTree = "<group>"; };
		C22772131F3B420400CEBA45 /* ViewController.m */ = {isa = PBXFileReference; lastKnownFileType = sourcecode.c.objc; path = ViewController.m; sourceTree = "<group>"; };
		C22772161F3B420400CEBA45 /* Base */ = {isa = PBXFileReference; lastKnownFileType = file.storyboard; name = Base; path = Base.lproj/Main.storyboard; sourceTree = "<group>"; };
		C22772181F3B420400CEBA45 /* Assets.xcassets */ = {isa = PBXFileReference; lastKnownFileType = folder.assetcatalog; path = Assets.xcassets; sourceTree = "<group>"; };
		C227721B1F3B420400CEBA45 /* Base */ = {isa = PBXFileReference; lastKnownFileType = file.storyboard; name = Base; path = Base.lproj/LaunchScreen.storyboard; sourceTree = "<group>"; };
		C227721D1F3B420400CEBA45 /* Info.plist */ = {isa = PBXFileReference; lastKnownFileType = text.plist.xml; path = Info.plist; sourceTree = "<group>"; };
		C22772221F3B420400CEBA45 /* LMVideoManagerTests.xctest */ = {isa = PBXFileReference; explicitFileType = wrapper.cfbundle; includeInIndex = 0; path = LMVideoManagerTests.xctest; sourceTree = BUILT_PRODUCTS_DIR; };
		C22772261F3B420400CEBA45 /* LMVideoManagerTests.m */ = {isa = PBXFileReference; lastKnownFileType = sourcecode.c.objc; path = LMVideoManagerTests.m; sourceTree = "<group>"; };
		C22772281F3B420400CEBA45 /* Info.plist */ = {isa = PBXFileReference; lastKnownFileType = text.plist.xml; path = Info.plist; sourceTree = "<group>"; };
		C227722D1F3B420400CEBA45 /* LMVideoManagerUITests.xctest */ = {isa = PBXFileReference; explicitFileType = wrapper.cfbundle; includeInIndex = 0; path = LMVideoManagerUITests.xctest; sourceTree = BUILT_PRODUCTS_DIR; };
		C22772311F3B420400CEBA45 /* LMVideoManagerUITests.m */ = {isa = PBXFileReference; lastKnownFileType = sourcecode.c.objc; path = LMVideoManagerUITests.m; sourceTree = "<group>"; };
		C22772331F3B420400CEBA45 /* Info.plist */ = {isa = PBXFileReference; lastKnownFileType = text.plist.xml; path = Info.plist; sourceTree = "<group>"; };
		C227723F1F3B422900CEBA45 /* LMVideoManager.h */ = {isa = PBXFileReference; fileEncoding = 4; lastKnownFileType = sourcecode.c.h; path = LMVideoManager.h; sourceTree = "<group>"; };
		C22772401F3B422900CEBA45 /* LMVideoManager.m */ = {isa = PBXFileReference; fileEncoding = 4; lastKnownFileType = sourcecode.c.objc; path = LMVideoManager.m; sourceTree = "<group>"; };
		C22772421F3B423200CEBA45 /* LMVideoViewController.h */ = {isa = PBXFileReference; fileEncoding = 4; lastKnownFileType = sourcecode.c.h; path = LMVideoViewController.h; sourceTree = "<group>"; };
		C22772431F3B423200CEBA45 /* LMVideoViewController.m */ = {isa = PBXFileReference; fileEncoding = 4; lastKnownFileType = sourcecode.c.objc; path = LMVideoViewController.m; sourceTree = "<group>"; };
		C2958AA21F443D2500CA099B /* LMNoticeLabel.m */ = {isa = PBXFileReference; fileEncoding = 4; lastKnownFileType = sourcecode.c.objc; path = LMNoticeLabel.m; sourceTree = "<group>"; };
		C2958AA31F443D2500CA099B /* LMNoticeLabel.h */ = {isa = PBXFileReference; fileEncoding = 4; lastKnownFileType = sourcecode.c.h; path = LMNoticeLabel.h; sourceTree = "<group>"; };
		C2958AAA1F4446D100CA099B /* GPUImageBeautifyFilter.h */ = {isa = PBXFileReference; fileEncoding = 4; lastKnownFileType = sourcecode.c.h; path = GPUImageBeautifyFilter.h; sourceTree = "<group>"; };
		C2958AAB1F4446D100CA099B /* GPUImageBeautifyFilter.m */ = {isa = PBXFileReference; fileEncoding = 4; lastKnownFileType = sourcecode.c.objc; path = GPUImageBeautifyFilter.m; sourceTree = "<group>"; };
		C2958AAE1F44470000CA099B /* libGPUImage.a */ = {isa = PBXFileReference; lastKnownFileType = archive.ar; path = libGPUImage.a; sourceTree = "<group>"; };
		C2958AB21F44470000CA099B /* GLProgram.h */ = {isa = PBXFileReference; fileEncoding = 4; lastKnownFileType = sourcecode.c.h; path = GLProgram.h; sourceTree = "<group>"; };
		C2958AB31F44470000CA099B /* GPUImage.h */ = {isa = PBXFileReference; fileEncoding = 4; lastKnownFileType = sourcecode.c.h; path = GPUImage.h; sourceTree = "<group>"; };
		C2958AB41F44470000CA099B /* GPUImage3x3ConvolutionFilter.h */ = {isa = PBXFileReference; fileEncoding = 4; lastKnownFileType = sourcecode.c.h; path = GPUImage3x3ConvolutionFilter.h; sourceTree = "<group>"; };
		C2958AB51F44470000CA099B /* GPUImage3x3TextureSamplingFilter.h */ = {isa = PBXFileReference; fileEncoding = 4; lastKnownFileType = sourcecode.c.h; path = GPUImage3x3TextureSamplingFilter.h; sourceTree = "<group>"; };
		C2958AB61F44470000CA099B /* GPUImageAdaptiveThresholdFilter.h */ = {isa = PBXFileReference; fileEncoding = 4; lastKnownFileType = sourcecode.c.h; path = GPUImageAdaptiveThresholdFilter.h; sourceTree = "<group>"; };
		C2958AB71F44470000CA099B /* GPUImageAddBlendFilter.h */ = {isa = PBXFileReference; fileEncoding = 4; lastKnownFileType = sourcecode.c.h; path = GPUImageAddBlendFilter.h; sourceTree = "<group>"; };
		C2958AB81F44470000CA099B /* GPUImageAlphaBlendFilter.h */ = {isa = PBXFileReference; fileEncoding = 4; lastKnownFileType = sourcecode.c.h; path = GPUImageAlphaBlendFilter.h; sourceTree = "<group>"; };
		C2958AB91F44470000CA099B /* GPUImageAmatorkaFilter.h */ = {isa = PBXFileReference; fileEncoding = 4; lastKnownFileType = sourcecode.c.h; path = GPUImageAmatorkaFilter.h; sourceTree = "<group>"; };
		C2958ABA1F44470000CA099B /* GPUImageAverageColor.h */ = {isa = PBXFileReference; fileEncoding = 4; lastKnownFileType = sourcecode.c.h; path = GPUImageAverageColor.h; sourceTree = "<group>"; };
		C2958ABB1F44470000CA099B /* GPUImageAverageLuminanceThresholdFilter.h */ = {isa = PBXFileReference; fileEncoding = 4; lastKnownFileType = sourcecode.c.h; path = GPUImageAverageLuminanceThresholdFilter.h; sourceTree = "<group>"; };
		C2958ABC1F44470000CA099B /* GPUImageBilateralFilter.h */ = {isa = PBXFileReference; fileEncoding = 4; lastKnownFileType = sourcecode.c.h; path = GPUImageBilateralFilter.h; sourceTree = "<group>"; };
		C2958ABD1F44470000CA099B /* GPUImageBoxBlurFilter.h */ = {isa = PBXFileReference; fileEncoding = 4; lastKnownFileType = sourcecode.c.h; path = GPUImageBoxBlurFilter.h; sourceTree = "<group>"; };
		C2958ABE1F44470000CA099B /* GPUImageBrightnessFilter.h */ = {isa = PBXFileReference; fileEncoding = 4; lastKnownFileType = sourcecode.c.h; path = GPUImageBrightnessFilter.h; sourceTree = "<group>"; };
		C2958ABF1F44470000CA099B /* GPUImageBuffer.h */ = {isa = PBXFileReference; fileEncoding = 4; lastKnownFileType = sourcecode.c.h; path = GPUImageBuffer.h; sourceTree = "<group>"; };
		C2958AC01F44470000CA099B /* GPUImageBulgeDistortionFilter.h */ = {isa = PBXFileReference; fileEncoding = 4; lastKnownFileType = sourcecode.c.h; path = GPUImageBulgeDistortionFilter.h; sourceTree = "<group>"; };
		C2958AC11F44470000CA099B /* GPUImageCannyEdgeDetectionFilter.h */ = {isa = PBXFileReference; fileEncoding = 4; lastKnownFileType = sourcecode.c.h; path = GPUImageCannyEdgeDetectionFilter.h; sourceTree = "<group>"; };
		C2958AC21F44470000CA099B /* GPUImageCGAColorspaceFilter.h */ = {isa = PBXFileReference; fileEncoding = 4; lastKnownFileType = sourcecode.c.h; path = GPUImageCGAColorspaceFilter.h; sourceTree = "<group>"; };
		C2958AC31F44470000CA099B /* GPUImageChromaKeyBlendFilter.h */ = {isa = PBXFileReference; fileEncoding = 4; lastKnownFileType = sourcecode.c.h; path = GPUImageChromaKeyBlendFilter.h; sourceTree = "<group>"; };
		C2958AC41F44470000CA099B /* GPUImageChromaKeyFilter.h */ = {isa = PBXFileReference; fileEncoding = 4; lastKnownFileType = sourcecode.c.h; path = GPUImageChromaKeyFilter.h; sourceTree = "<group>"; };
		C2958AC51F44470000CA099B /* GPUImageClosingFilter.h */ = {isa = PBXFileReference; fileEncoding = 4; lastKnownFileType = sourcecode.c.h; path = GPUImageClosingFilter.h; sourceTree = "<group>"; };
		C2958AC61F44470000CA099B /* GPUImageColorBlendFilter.h */ = {isa = PBXFileReference; fileEncoding = 4; lastKnownFileType = sourcecode.c.h; path = GPUImageColorBlendFilter.h; sourceTree = "<group>"; };
		C2958AC71F44470000CA099B /* GPUImageColorBurnBlendFilter.h */ = {isa = PBXFileReference; fileEncoding = 4; lastKnownFileType = sourcecode.c.h; path = GPUImageColorBurnBlendFilter.h; sourceTree = "<group>"; };
		C2958AC81F44470000CA099B /* GPUImageColorConversion.h */ = {isa = PBXFileReference; fileEncoding = 4; lastKnownFileType = sourcecode.c.h; path = GPUImageColorConversion.h; sourceTree = "<group>"; };
		C2958AC91F44470000CA099B /* GPUImageColorDodgeBlendFilter.h */ = {isa = PBXFileReference; fileEncoding = 4; lastKnownFileType = sourcecode.c.h; path = GPUImageColorDodgeBlendFilter.h; sourceTree = "<group>"; };
		C2958ACA1F44470000CA099B /* GPUImageColorInvertFilter.h */ = {isa = PBXFileReference; fileEncoding = 4; lastKnownFileType = sourcecode.c.h; path = GPUImageColorInvertFilter.h; sourceTree = "<group>"; };
		C2958ACB1F44470000CA099B /* GPUImageColorLocalBinaryPatternFilter.h */ = {isa = PBXFileReference; fileEncoding = 4; lastKnownFileType = sourcecode.c.h; path = GPUImageColorLocalBinaryPatternFilter.h; sourceTree = "<group>"; };
		C2958ACC1F44470000CA099B /* GPUImageColorMatrixFilter.h */ = {isa = PBXFileReference; fileEncoding = 4; lastKnownFileType = sourcecode.c.h; path = GPUImageColorMatrixFilter.h; sourceTree = "<group>"; };
		C2958ACD1F44470000CA099B /* GPUImageColorPackingFilter.h */ = {isa = PBXFileReference; fileEncoding = 4; lastKnownFileType = sourcecode.c.h; path = GPUImageColorPackingFilter.h; sourceTree = "<group>"; };
		C2958ACE1F44470000CA099B /* GPUImageColourFASTFeatureDetector.h */ = {isa = PBXFileReference; fileEncoding = 4; lastKnownFileType = sourcecode.c.h; path = GPUImageColourFASTFeatureDetector.h; sourceTree = "<group>"; };
		C2958ACF1F44470000CA099B /* GPUImageColourFASTSamplingOperation.h */ = {isa = PBXFileReference; fileEncoding = 4; lastKnownFileType = sourcecode.c.h; path = GPUImageColourFASTSamplingOperation.h; sourceTree = "<group>"; };
		C2958AD01F44470000CA099B /* GPUImageContext.h */ = {isa = PBXFileReference; fileEncoding = 4; lastKnownFileType = sourcecode.c.h; path = GPUImageContext.h; sourceTree = "<group>"; };
		C2958AD11F44470000CA099B /* GPUImageContrastFilter.h */ = {isa = PBXFileReference; fileEncoding = 4; lastKnownFileType = sourcecode.c.h; path = GPUImageContrastFilter.h; sourceTree = "<group>"; };
		C2958AD21F44470000CA099B /* GPUImageCropFilter.h */ = {isa = PBXFileReference; fileEncoding = 4; lastKnownFileType = sourcecode.c.h; path = GPUImageCropFilter.h; sourceTree = "<group>"; };
		C2958AD31F44470000CA099B /* GPUImageCrosshairGenerator.h */ = {isa = PBXFileReference; fileEncoding = 4; lastKnownFileType = sourcecode.c.h; path = GPUImageCrosshairGenerator.h; sourceTree = "<group>"; };
		C2958AD41F44470000CA099B /* GPUImageCrosshatchFilter.h */ = {isa = PBXFileReference; fileEncoding = 4; lastKnownFileType = sourcecode.c.h; path = GPUImageCrosshatchFilter.h; sourceTree = "<group>"; };
		C2958AD51F44470000CA099B /* GPUImageDarkenBlendFilter.h */ = {isa = PBXFileReference; fileEncoding = 4; lastKnownFileType = sourcecode.c.h; path = GPUImageDarkenBlendFilter.h; sourceTree = "<group>"; };
		C2958AD61F44470000CA099B /* GPUImageDifferenceBlendFilter.h */ = {isa = PBXFileReference; fileEncoding = 4; lastKnownFileType = sourcecode.c.h; path = GPUImageDifferenceBlendFilter.h; sourceTree = "<group>"; };
		C2958AD71F44470000CA099B /* GPUImageDilationFilter.h */ = {isa = PBXFileReference; fileEncoding = 4; lastKnownFileType = sourcecode.c.h; path = GPUImageDilationFilter.h; sourceTree = "<group>"; };
		C2958AD81F44470000CA099B /* GPUImageDirectionalNonMaximumSuppressionFilter.h */ = {isa = PBXFileReference; fileEncoding = 4; lastKnownFileType = sourcecode.c.h; path = GPUImageDirectionalNonMaximumSuppressionFilter.h; sourceTree = "<group>"; };
		C2958AD91F44470000CA099B /* GPUImageDirectionalSobelEdgeDetectionFilter.h */ = {isa = PBXFileReference; fileEncoding = 4; lastKnownFileType = sourcecode.c.h; path = GPUImageDirectionalSobelEdgeDetectionFilter.h; sourceTree = "<group>"; };
		C2958ADA1F44470000CA099B /* GPUImageDissolveBlendFilter.h */ = {isa = PBXFileReference; fileEncoding = 4; lastKnownFileType = sourcecode.c.h; path = GPUImageDissolveBlendFilter.h; sourceTree = "<group>"; };
		C2958ADB1F44470000CA099B /* GPUImageDivideBlendFilter.h */ = {isa = PBXFileReference; fileEncoding = 4; lastKnownFileType = sourcecode.c.h; path = GPUImageDivideBlendFilter.h; sourceTree = "<group>"; };
		C2958ADC1F44470000CA099B /* GPUImageEmbossFilter.h */ = {isa = PBXFileReference; fileEncoding = 4; lastKnownFileType = sourcecode.c.h; path = GPUImageEmbossFilter.h; sourceTree = "<group>"; };
		C2958ADD1F44470000CA099B /* GPUImageErosionFilter.h */ = {isa = PBXFileReference; fileEncoding = 4; lastKnownFileType = sourcecode.c.h; path = GPUImageErosionFilter.h; sourceTree = "<group>"; };
		C2958ADE1F44470000CA099B /* GPUImageExclusionBlendFilter.h */ = {isa = PBXFileReference; fileEncoding = 4; lastKnownFileType = sourcecode.c.h; path = GPUImageExclusionBlendFilter.h; sourceTree = "<group>"; };
		C2958ADF1F44470000CA099B /* GPUImageExposureFilter.h */ = {isa = PBXFileReference; fileEncoding = 4; lastKnownFileType = sourcecode.c.h; path = GPUImageExposureFilter.h; sourceTree = "<group>"; };
		C2958AE01F44470000CA099B /* GPUImageFalseColorFilter.h */ = {isa = PBXFileReference; fileEncoding = 4; lastKnownFileType = sourcecode.c.h; path = GPUImageFalseColorFilter.h; sourceTree = "<group>"; };
		C2958AE11F44470000CA099B /* GPUImageFASTCornerDetectionFilter.h */ = {isa = PBXFileReference; fileEncoding = 4; lastKnownFileType = sourcecode.c.h; path = GPUImageFASTCornerDetectionFilter.h; sourceTree = "<group>"; };
		C2958AE21F44470000CA099B /* GPUImageFilter.h */ = {isa = PBXFileReference; fileEncoding = 4; lastKnownFileType = sourcecode.c.h; path = GPUImageFilter.h; sourceTree = "<group>"; };
		C2958AE31F44470000CA099B /* GPUImageFilterGroup.h */ = {isa = PBXFileReference; fileEncoding = 4; lastKnownFileType = sourcecode.c.h; path = GPUImageFilterGroup.h; sourceTree = "<group>"; };
		C2958AE41F44470000CA099B /* GPUImageFilterPipeline.h */ = {isa = PBXFileReference; fileEncoding = 4; lastKnownFileType = sourcecode.c.h; path = GPUImageFilterPipeline.h; sourceTree = "<group>"; };
		C2958AE51F44470000CA099B /* GPUImageFourInputFilter.h */ = {isa = PBXFileReference; fileEncoding = 4; lastKnownFileType = sourcecode.c.h; path = GPUImageFourInputFilter.h; sourceTree = "<group>"; };
		C2958AE61F44470000CA099B /* GPUImageFramebuffer.h */ = {isa = PBXFileReference; fileEncoding = 4; lastKnownFileType = sourcecode.c.h; path = GPUImageFramebuffer.h; sourceTree = "<group>"; };
		C2958AE71F44470000CA099B /* GPUImageFramebufferCache.h */ = {isa = PBXFileReference; fileEncoding = 4; lastKnownFileType = sourcecode.c.h; path = GPUImageFramebufferCache.h; sourceTree = "<group>"; };
		C2958AE81F44470000CA099B /* GPUImageFramework.h */ = {isa = PBXFileReference; fileEncoding = 4; lastKnownFileType = sourcecode.c.h; path = GPUImageFramework.h; sourceTree = "<group>"; };
		C2958AE91F44470000CA099B /* GPUImageGammaFilter.h */ = {isa = PBXFileReference; fileEncoding = 4; lastKnownFileType = sourcecode.c.h; path = GPUImageGammaFilter.h; sourceTree = "<group>"; };
		C2958AEA1F44470000CA099B /* GPUImageGaussianBlurFilter.h */ = {isa = PBXFileReference; fileEncoding = 4; lastKnownFileType = sourcecode.c.h; path = GPUImageGaussianBlurFilter.h; sourceTree = "<group>"; };
		C2958AEB1F44470000CA099B /* GPUImageGaussianBlurPositionFilter.h */ = {isa = PBXFileReference; fileEncoding = 4; lastKnownFileType = sourcecode.c.h; path = GPUImageGaussianBlurPositionFilter.h; sourceTree = "<group>"; };
		C2958AEC1F44470000CA099B /* GPUImageGaussianSelectiveBlurFilter.h */ = {isa = PBXFileReference; fileEncoding = 4; lastKnownFileType = sourcecode.c.h; path = GPUImageGaussianSelectiveBlurFilter.h; sourceTree = "<group>"; };
		C2958AED1F44470000CA099B /* GPUImageGlassSphereFilter.h */ = {isa = PBXFileReference; fileEncoding = 4; lastKnownFileType = sourcecode.c.h; path = GPUImageGlassSphereFilter.h; sourceTree = "<group>"; };
		C2958AEE1F44470000CA099B /* GPUImageGrayscaleFilter.h */ = {isa = PBXFileReference; fileEncoding = 4; lastKnownFileType = sourcecode.c.h; path = GPUImageGrayscaleFilter.h; sourceTree = "<group>"; };
		C2958AEF1F44470000CA099B /* GPUImageHalftoneFilter.h */ = {isa = PBXFileReference; fileEncoding = 4; lastKnownFileType = sourcecode.c.h; path = GPUImageHalftoneFilter.h; sourceTree = "<group>"; };
		C2958AF01F44470000CA099B /* GPUImageHardLightBlendFilter.h */ = {isa = PBXFileReference; fileEncoding = 4; lastKnownFileType = sourcecode.c.h; path = GPUImageHardLightBlendFilter.h; sourceTree = "<group>"; };
		C2958AF11F44470000CA099B /* GPUImageHarrisCornerDetectionFilter.h */ = {isa = PBXFileReference; fileEncoding = 4; lastKnownFileType = sourcecode.c.h; path = GPUImageHarrisCornerDetectionFilter.h; sourceTree = "<group>"; };
		C2958AF21F44470000CA099B /* GPUImageHazeFilter.h */ = {isa = PBXFileReference; fileEncoding = 4; lastKnownFileType = sourcecode.c.h; path = GPUImageHazeFilter.h; sourceTree = "<group>"; };
		C2958AF31F44470000CA099B /* GPUImageHighlightShadowFilter.h */ = {isa = PBXFileReference; fileEncoding = 4; lastKnownFileType = sourcecode.c.h; path = GPUImageHighlightShadowFilter.h; sourceTree = "<group>"; };
		C2958AF41F44470000CA099B /* GPUImageHighPassFilter.h */ = {isa = PBXFileReference; fileEncoding = 4; lastKnownFileType = sourcecode.c.h; path = GPUImageHighPassFilter.h; sourceTree = "<group>"; };
		C2958AF51F44470000CA099B /* GPUImageHistogramEqualizationFilter.h */ = {isa = PBXFileReference; fileEncoding = 4; lastKnownFileType = sourcecode.c.h; path = GPUImageHistogramEqualizationFilter.h; sourceTree = "<group>"; };
		C2958AF61F44470000CA099B /* GPUImageHistogramFilter.h */ = {isa = PBXFileReference; fileEncoding = 4; lastKnownFileType = sourcecode.c.h; path = GPUImageHistogramFilter.h; sourceTree = "<group>"; };
		C2958AF71F44470000CA099B /* GPUImageHistogramGenerator.h */ = {isa = PBXFileReference; fileEncoding = 4; lastKnownFileType = sourcecode.c.h; path = GPUImageHistogramGenerator.h; sourceTree = "<group>"; };
		C2958AF81F44470000CA099B /* GPUImageHoughTransformLineDetector.h */ = {isa = PBXFileReference; fileEncoding = 4; lastKnownFileType = sourcecode.c.h; path = GPUImageHoughTransformLineDetector.h; sourceTree = "<group>"; };
		C2958AF91F44470000CA099B /* GPUImageHSBFilter.h */ = {isa = PBXFileReference; fileEncoding = 4; lastKnownFileType = sourcecode.c.h; path = GPUImageHSBFilter.h; sourceTree = "<group>"; };
		C2958AFA1F44470000CA099B /* GPUImageHueBlendFilter.h */ = {isa = PBXFileReference; fileEncoding = 4; lastKnownFileType = sourcecode.c.h; path = GPUImageHueBlendFilter.h; sourceTree = "<group>"; };
		C2958AFB1F44470000CA099B /* GPUImageHueFilter.h */ = {isa = PBXFileReference; fileEncoding = 4; lastKnownFileType = sourcecode.c.h; path = GPUImageHueFilter.h; sourceTree = "<group>"; };
		C2958AFC1F44470000CA099B /* GPUImageiOSBlurFilter.h */ = {isa = PBXFileReference; fileEncoding = 4; lastKnownFileType = sourcecode.c.h; path = GPUImageiOSBlurFilter.h; sourceTree = "<group>"; };
		C2958AFD1F44470000CA099B /* GPUImageJFAVoronoiFilter.h */ = {isa = PBXFileReference; fileEncoding = 4; lastKnownFileType = sourcecode.c.h; path = GPUImageJFAVoronoiFilter.h; sourceTree = "<group>"; };
		C2958AFE1F44470000CA099B /* GPUImageKuwaharaFilter.h */ = {isa = PBXFileReference; fileEncoding = 4; lastKnownFileType = sourcecode.c.h; path = GPUImageKuwaharaFilter.h; sourceTree = "<group>"; };
		C2958AFF1F44470000CA099B /* GPUImageKuwaharaRadius3Filter.h */ = {isa = PBXFileReference; fileEncoding = 4; lastKnownFileType = sourcecode.c.h; path = GPUImageKuwaharaRadius3Filter.h; sourceTree = "<group>"; };
		C2958B001F44470000CA099B /* GPUImageLanczosResamplingFilter.h */ = {isa = PBXFileReference; fileEncoding = 4; lastKnownFileType = sourcecode.c.h; path = GPUImageLanczosResamplingFilter.h; sourceTree = "<group>"; };
		C2958B011F44470000CA099B /* GPUImageLaplacianFilter.h */ = {isa = PBXFileReference; fileEncoding = 4; lastKnownFileType = sourcecode.c.h; path = GPUImageLaplacianFilter.h; sourceTree = "<group>"; };
		C2958B021F44470000CA099B /* GPUImageLevelsFilter.h */ = {isa = PBXFileReference; fileEncoding = 4; lastKnownFileType = sourcecode.c.h; path = GPUImageLevelsFilter.h; sourceTree = "<group>"; };
		C2958B031F44470000CA099B /* GPUImageLightenBlendFilter.h */ = {isa = PBXFileReference; fileEncoding = 4; lastKnownFileType = sourcecode.c.h; path = GPUImageLightenBlendFilter.h; sourceTree = "<group>"; };
		C2958B041F44470000CA099B /* GPUImageLinearBurnBlendFilter.h */ = {isa = PBXFileReference; fileEncoding = 4; lastKnownFileType = sourcecode.c.h; path = GPUImageLinearBurnBlendFilter.h; sourceTree = "<group>"; };
		C2958B051F44470000CA099B /* GPUImageLineGenerator.h */ = {isa = PBXFileReference; fileEncoding = 4; lastKnownFileType = sourcecode.c.h; path = GPUImageLineGenerator.h; sourceTree = "<group>"; };
		C2958B061F44470000CA099B /* GPUImageLocalBinaryPatternFilter.h */ = {isa = PBXFileReference; fileEncoding = 4; lastKnownFileType = sourcecode.c.h; path = GPUImageLocalBinaryPatternFilter.h; sourceTree = "<group>"; };
		C2958B071F44470000CA099B /* GPUImageLookupFilter.h */ = {isa = PBXFileReference; fileEncoding = 4; lastKnownFileType = sourcecode.c.h; path = GPUImageLookupFilter.h; sourceTree = "<group>"; };
		C2958B081F44470000CA099B /* GPUImageLowPassFilter.h */ = {isa = PBXFileReference; fileEncoding = 4; lastKnownFileType = sourcecode.c.h; path = GPUImageLowPassFilter.h; sourceTree = "<group>"; };
		C2958B091F44470000CA099B /* GPUImageLuminanceRangeFilter.h */ = {isa = PBXFileReference; fileEncoding = 4; lastKnownFileType = sourcecode.c.h; path = GPUImageLuminanceRangeFilter.h; sourceTree = "<group>"; };
		C2958B0A1F44470000CA099B /* GPUImageLuminanceThresholdFilter.h */ = {isa = PBXFileReference; fileEncoding = 4; lastKnownFileType = sourcecode.c.h; path = GPUImageLuminanceThresholdFilter.h; sourceTree = "<group>"; };
		C2958B0B1F44470000CA099B /* GPUImageLuminosity.h */ = {isa = PBXFileReference; fileEncoding = 4; lastKnownFileType = sourcecode.c.h; path = GPUImageLuminosity.h; sourceTree = "<group>"; };
		C2958B0C1F44470000CA099B /* GPUImageLuminosityBlendFilter.h */ = {isa = PBXFileReference; fileEncoding = 4; lastKnownFileType = sourcecode.c.h; path = GPUImageLuminosityBlendFilter.h; sourceTree = "<group>"; };
		C2958B0D1F44470000CA099B /* GPUImageMaskFilter.h */ = {isa = PBXFileReference; fileEncoding = 4; lastKnownFileType = sourcecode.c.h; path = GPUImageMaskFilter.h; sourceTree = "<group>"; };
		C2958B0E1F44470000CA099B /* GPUImageMedianFilter.h */ = {isa = PBXFileReference; fileEncoding = 4; lastKnownFileType = sourcecode.c.h; path = GPUImageMedianFilter.h; sourceTree = "<group>"; };
		C2958B0F1F44470000CA099B /* GPUImageMissEtikateFilter.h */ = {isa = PBXFileReference; fileEncoding = 4; lastKnownFileType = sourcecode.c.h; path = GPUImageMissEtikateFilter.h; sourceTree = "<group>"; };
		C2958B101F44470000CA099B /* GPUImageMonochromeFilter.h */ = {isa = PBXFileReference; fileEncoding = 4; lastKnownFileType = sourcecode.c.h; path = GPUImageMonochromeFilter.h; sourceTree = "<group>"; };
		C2958B111F44470000CA099B /* GPUImageMosaicFilter.h */ = {isa = PBXFileReference; fileEncoding = 4; lastKnownFileType = sourcecode.c.h; path = GPUImageMosaicFilter.h; sourceTree = "<group>"; };
		C2958B121F44470000CA099B /* GPUImageMotionBlurFilter.h */ = {isa = PBXFileReference; fileEncoding = 4; lastKnownFileType = sourcecode.c.h; path = GPUImageMotionBlurFilter.h; sourceTree = "<group>"; };
		C2958B131F44470000CA099B /* GPUImageMotionDetector.h */ = {isa = PBXFileReference; fileEncoding = 4; lastKnownFileType = sourcecode.c.h; path = GPUImageMotionDetector.h; sourceTree = "<group>"; };
		C2958B141F44470000CA099B /* GPUImageMovie.h */ = {isa = PBXFileReference; fileEncoding = 4; lastKnownFileType = sourcecode.c.h; path = GPUImageMovie.h; sourceTree = "<group>"; };
		C2958B151F44470000CA099B /* GPUImageMovieComposition.h */ = {isa = PBXFileReference; fileEncoding = 4; lastKnownFileType = sourcecode.c.h; path = GPUImageMovieComposition.h; sourceTree = "<group>"; };
		C2958B161F44470000CA099B /* GPUImageMovieWriter.h */ = {isa = PBXFileReference; fileEncoding = 4; lastKnownFileType = sourcecode.c.h; path = GPUImageMovieWriter.h; sourceTree = "<group>"; };
		C2958B171F44470000CA099B /* GPUImageMultiplyBlendFilter.h */ = {isa = PBXFileReference; fileEncoding = 4; lastKnownFileType = sourcecode.c.h; path = GPUImageMultiplyBlendFilter.h; sourceTree = "<group>"; };
		C2958B181F44470000CA099B /* GPUImageNobleCornerDetectionFilter.h */ = {isa = PBXFileReference; fileEncoding = 4; lastKnownFileType = sourcecode.c.h; path = GPUImageNobleCornerDetectionFilter.h; sourceTree = "<group>"; };
		C2958B191F44470000CA099B /* GPUImageNonMaximumSuppressionFilter.h */ = {isa = PBXFileReference; fileEncoding = 4; lastKnownFileType = sourcecode.c.h; path = GPUImageNonMaximumSuppressionFilter.h; sourceTree = "<group>"; };
		C2958B1A1F44470000CA099B /* GPUImageNormalBlendFilter.h */ = {isa = PBXFileReference; fileEncoding = 4; lastKnownFileType = sourcecode.c.h; path = GPUImageNormalBlendFilter.h; sourceTree = "<group>"; };
		C2958B1B1F44470000CA099B /* GPUImageOpacityFilter.h */ = {isa = PBXFileReference; fileEncoding = 4; lastKnownFileType = sourcecode.c.h; path = GPUImageOpacityFilter.h; sourceTree = "<group>"; };
		C2958B1C1F44470000CA099B /* GPUImageOpeningFilter.h */ = {isa = PBXFileReference; fileEncoding = 4; lastKnownFileType = sourcecode.c.h; path = GPUImageOpeningFilter.h; sourceTree = "<group>"; };
		C2958B1D1F44470000CA099B /* GPUImageOutput.h */ = {isa = PBXFileReference; fileEncoding = 4; lastKnownFileType = sourcecode.c.h; path = GPUImageOutput.h; sourceTree = "<group>"; };
		C2958B1E1F44470000CA099B /* GPUImageOverlayBlendFilter.h */ = {isa = PBXFileReference; fileEncoding = 4; lastKnownFileType = sourcecode.c.h; path = GPUImageOverlayBlendFilter.h; sourceTree = "<group>"; };
		C2958B1F1F44470000CA099B /* GPUImageParallelCoordinateLineTransformFilter.h */ = {isa = PBXFileReference; fileEncoding = 4; lastKnownFileType = sourcecode.c.h; path = GPUImageParallelCoordinateLineTransformFilter.h; sourceTree = "<group>"; };
		C2958B201F44470000CA099B /* GPUImagePerlinNoiseFilter.h */ = {isa = PBXFileReference; fileEncoding = 4; lastKnownFileType = sourcecode.c.h; path = GPUImagePerlinNoiseFilter.h; sourceTree = "<group>"; };
		C2958B211F44470000CA099B /* GPUImagePicture+TextureSubimage.h */ = {isa = PBXFileReference; fileEncoding = 4; lastKnownFileType = sourcecode.c.h; path = "GPUImagePicture+TextureSubimage.h"; sourceTree = "<group>"; };
		C2958B221F44470000CA099B /* GPUImagePicture.h */ = {isa = PBXFileReference; fileEncoding = 4; lastKnownFileType = sourcecode.c.h; path = GPUImagePicture.h; sourceTree = "<group>"; };
		C2958B231F44470000CA099B /* GPUImagePinchDistortionFilter.h */ = {isa = PBXFileReference; fileEncoding = 4; lastKnownFileType = sourcecode.c.h; path = GPUImagePinchDistortionFilter.h; sourceTree = "<group>"; };
		C2958B241F44470000CA099B /* GPUImagePixellateFilter.h */ = {isa = PBXFileReference; fileEncoding = 4; lastKnownFileType = sourcecode.c.h; path = GPUImagePixellateFilter.h; sourceTree = "<group>"; };
		C2958B251F44470000CA099B /* GPUImagePixellatePositionFilter.h */ = {isa = PBXFileReference; fileEncoding = 4; lastKnownFileType = sourcecode.c.h; path = GPUImagePixellatePositionFilter.h; sourceTree = "<group>"; };
		C2958B261F44470000CA099B /* GPUImagePoissonBlendFilter.h */ = {isa = PBXFileReference; fileEncoding = 4; lastKnownFileType = sourcecode.c.h; path = GPUImagePoissonBlendFilter.h; sourceTree = "<group>"; };
		C2958B271F44470000CA099B /* GPUImagePolarPixellateFilter.h */ = {isa = PBXFileReference; fileEncoding = 4; lastKnownFileType = sourcecode.c.h; path = GPUImagePolarPixellateFilter.h; sourceTree = "<group>"; };
		C2958B281F44470000CA099B /* GPUImagePolkaDotFilter.h */ = {isa = PBXFileReference; fileEncoding = 4; lastKnownFileType = sourcecode.c.h; path = GPUImagePolkaDotFilter.h; sourceTree = "<group>"; };
		C2958B291F44470000CA099B /* GPUImagePosterizeFilter.h */ = {isa = PBXFileReference; fileEncoding = 4; lastKnownFileType = sourcecode.c.h; path = GPUImagePosterizeFilter.h; sourceTree = "<group>"; };
		C2958B2A1F44470000CA099B /* GPUImagePrewittEdgeDetectionFilter.h */ = {isa = PBXFileReference; fileEncoding = 4; lastKnownFileType = sourcecode.c.h; path = GPUImagePrewittEdgeDetectionFilter.h; sourceTree = "<group>"; };
		C2958B2B1F44470000CA099B /* GPUImageRawDataInput.h */ = {isa = PBXFileReference; fileEncoding = 4; lastKnownFileType = sourcecode.c.h; path = GPUImageRawDataInput.h; sourceTree = "<group>"; };
		C2958B2C1F44470000CA099B /* GPUImageRawDataOutput.h */ = {isa = PBXFileReference; fileEncoding = 4; lastKnownFileType = sourcecode.c.h; path = GPUImageRawDataOutput.h; sourceTree = "<group>"; };
		C2958B2D1F44470000CA099B /* GPUImageRGBClosingFilter.h */ = {isa = PBXFileReference; fileEncoding = 4; lastKnownFileType = sourcecode.c.h; path = GPUImageRGBClosingFilter.h; sourceTree = "<group>"; };
		C2958B2E1F44470000CA099B /* GPUImageRGBDilationFilter.h */ = {isa = PBXFileReference; fileEncoding = 4; lastKnownFileType = sourcecode.c.h; path = GPUImageRGBDilationFilter.h; sourceTree = "<group>"; };
		C2958B2F1F44470000CA099B /* GPUImageRGBErosionFilter.h */ = {isa = PBXFileReference; fileEncoding = 4; lastKnownFileType = sourcecode.c.h; path = GPUImageRGBErosionFilter.h; sourceTree = "<group>"; };
		C2958B301F44470000CA099B /* GPUImageRGBFilter.h */ = {isa = PBXFileReference; fileEncoding = 4; lastKnownFileType = sourcecode.c.h; path = GPUImageRGBFilter.h; sourceTree = "<group>"; };
		C2958B311F44470000CA099B /* GPUImageRGBOpeningFilter.h */ = {isa = PBXFileReference; fileEncoding = 4; lastKnownFileType = sourcecode.c.h; path = GPUImageRGBOpeningFilter.h; sourceTree = "<group>"; };
		C2958B321F44470000CA099B /* GPUImageSaturationBlendFilter.h */ = {isa = PBXFileReference; fileEncoding = 4; lastKnownFileType = sourcecode.c.h; path = GPUImageSaturationBlendFilter.h; sourceTree = "<group>"; };
		C2958B331F44470000CA099B /* GPUImageSaturationFilter.h */ = {isa = PBXFileReference; fileEncoding = 4; lastKnownFileType = sourcecode.c.h; path = GPUImageSaturationFilter.h; sourceTree = "<group>"; };
		C2958B341F44470000CA099B /* GPUImageScreenBlendFilter.h */ = {isa = PBXFileReference; fileEncoding = 4; lastKnownFileType = sourcecode.c.h; path = GPUImageScreenBlendFilter.h; sourceTree = "<group>"; };
		C2958B351F44470000CA099B /* GPUImageSepiaFilter.h */ = {isa = PBXFileReference; fileEncoding = 4; lastKnownFileType = sourcecode.c.h; path = GPUImageSepiaFilter.h; sourceTree = "<group>"; };
		C2958B361F44470000CA099B /* GPUImageSharpenFilter.h */ = {isa = PBXFileReference; fileEncoding = 4; lastKnownFileType = sourcecode.c.h; path = GPUImageSharpenFilter.h; sourceTree = "<group>"; };
		C2958B371F44470000CA099B /* GPUImageShiTomasiFeatureDetectionFilter.h */ = {isa = PBXFileReference; fileEncoding = 4; lastKnownFileType = sourcecode.c.h; path = GPUImageShiTomasiFeatureDetectionFilter.h; sourceTree = "<group>"; };
		C2958B381F44470000CA099B /* GPUImageSingleComponentGaussianBlurFilter.h */ = {isa = PBXFileReference; fileEncoding = 4; lastKnownFileType = sourcecode.c.h; path = GPUImageSingleComponentGaussianBlurFilter.h; sourceTree = "<group>"; };
		C2958B391F44470000CA099B /* GPUImageSketchFilter.h */ = {isa = PBXFileReference; fileEncoding = 4; lastKnownFileType = sourcecode.c.h; path = GPUImageSketchFilter.h; sourceTree = "<group>"; };
		C2958B3A1F44470000CA099B /* GPUImageSmoothToonFilter.h */ = {isa = PBXFileReference; fileEncoding = 4; lastKnownFileType = sourcecode.c.h; path = GPUImageSmoothToonFilter.h; sourceTree = "<group>"; };
		C2958B3B1F44470000CA099B /* GPUImageSobelEdgeDetectionFilter.h */ = {isa = PBXFileReference; fileEncoding = 4; lastKnownFileType = sourcecode.c.h; path = GPUImageSobelEdgeDetectionFilter.h; sourceTree = "<group>"; };
		C2958B3C1F44470000CA099B /* GPUImageSoftEleganceFilter.h */ = {isa = PBXFileReference; fileEncoding = 4; lastKnownFileType = sourcecode.c.h; path = GPUImageSoftEleganceFilter.h; sourceTree = "<group>"; };
		C2958B3D1F44470000CA099B /* GPUImageSoftLightBlendFilter.h */ = {isa = PBXFileReference; fileEncoding = 4; lastKnownFileType = sourcecode.c.h; path = GPUImageSoftLightBlendFilter.h; sourceTree = "<group>"; };
		C2958B3E1F44470000CA099B /* GPUImageSolarizeFilter.h */ = {isa = PBXFileReference; fileEncoding = 4; lastKnownFileType = sourcecode.c.h; path = GPUImageSolarizeFilter.h; sourceTree = "<group>"; };
		C2958B3F1F44470000CA099B /* GPUImageSolidColorGenerator.h */ = {isa = PBXFileReference; fileEncoding = 4; lastKnownFileType = sourcecode.c.h; path = GPUImageSolidColorGenerator.h; sourceTree = "<group>"; };
		C2958B401F44470000CA099B /* GPUImageSourceOverBlendFilter.h */ = {isa = PBXFileReference; fileEncoding = 4; lastKnownFileType = sourcecode.c.h; path = GPUImageSourceOverBlendFilter.h; sourceTree = "<group>"; };
		C2958B411F44470000CA099B /* GPUImageSphereRefractionFilter.h */ = {isa = PBXFileReference; fileEncoding = 4; lastKnownFileType = sourcecode.c.h; path = GPUImageSphereRefractionFilter.h; sourceTree = "<group>"; };
		C2958B421F44470000CA099B /* GPUImageStillCamera.h */ = {isa = PBXFileReference; fileEncoding = 4; lastKnownFileType = sourcecode.c.h; path = GPUImageStillCamera.h; sourceTree = "<group>"; };
		C2958B431F44470000CA099B /* GPUImageStretchDistortionFilter.h */ = {isa = PBXFileReference; fileEncoding = 4; lastKnownFileType = sourcecode.c.h; path = GPUImageStretchDistortionFilter.h; sourceTree = "<group>"; };
		C2958B441F44470000CA099B /* GPUImageSubtractBlendFilter.h */ = {isa = PBXFileReference; fileEncoding = 4; lastKnownFileType = sourcecode.c.h; path = GPUImageSubtractBlendFilter.h; sourceTree = "<group>"; };
		C2958B451F44470000CA099B /* GPUImageSwirlFilter.h */ = {isa = PBXFileReference; fileEncoding = 4; lastKnownFileType = sourcecode.c.h; path = GPUImageSwirlFilter.h; sourceTree = "<group>"; };
		C2958B461F44470000CA099B /* GPUImageTextureInput.h */ = {isa = PBXFileReference; fileEncoding = 4; lastKnownFileType = sourcecode.c.h; path = GPUImageTextureInput.h; sourceTree = "<group>"; };
		C2958B471F44470000CA099B /* GPUImageTextureOutput.h */ = {isa = PBXFileReference; fileEncoding = 4; lastKnownFileType = sourcecode.c.h; path = GPUImageTextureOutput.h; sourceTree = "<group>"; };
		C2958B481F44470000CA099B /* GPUImageThreeInputFilter.h */ = {isa = PBXFileReference; fileEncoding = 4; lastKnownFileType = sourcecode.c.h; path = GPUImageThreeInputFilter.h; sourceTree = "<group>"; };
		C2958B491F44470000CA099B /* GPUImageThresholdEdgeDetectionFilter.h */ = {isa = PBXFileReference; fileEncoding = 4; lastKnownFileType = sourcecode.c.h; path = GPUImageThresholdEdgeDetectionFilter.h; sourceTree = "<group>"; };
		C2958B4A1F44470000CA099B /* GPUImageThresholdedNonMaximumSuppressionFilter.h */ = {isa = PBXFileReference; fileEncoding = 4; lastKnownFileType = sourcecode.c.h; path = GPUImageThresholdedNonMaximumSuppressionFilter.h; sourceTree = "<group>"; };
		C2958B4B1F44470000CA099B /* GPUImageThresholdSketchFilter.h */ = {isa = PBXFileReference; fileEncoding = 4; lastKnownFileType = sourcecode.c.h; path = GPUImageThresholdSketchFilter.h; sourceTree = "<group>"; };
		C2958B4C1F44470000CA099B /* GPUImageTiltShiftFilter.h */ = {isa = PBXFileReference; fileEncoding = 4; lastKnownFileType = sourcecode.c.h; path = GPUImageTiltShiftFilter.h; sourceTree = "<group>"; };
		C2958B4D1F44470000CA099B /* GPUImageToneCurveFilter.h */ = {isa = PBXFileReference; fileEncoding = 4; lastKnownFileType = sourcecode.c.h; path = GPUImageToneCurveFilter.h; sourceTree = "<group>"; };
		C2958B4E1F44470000CA099B /* GPUImageToonFilter.h */ = {isa = PBXFileReference; fileEncoding = 4; lastKnownFileType = sourcecode.c.h; path = GPUImageToonFilter.h; sourceTree = "<group>"; };
		C2958B4F1F44470000CA099B /* GPUImageTransformFilter.h */ = {isa = PBXFileReference; fileEncoding = 4; lastKnownFileType = sourcecode.c.h; path = GPUImageTransformFilter.h; sourceTree = "<group>"; };
		C2958B501F44470000CA099B /* GPUImageTwoInputCrossTextureSamplingFilter.h */ = {isa = PBXFileReference; fileEncoding = 4; lastKnownFileType = sourcecode.c.h; path = GPUImageTwoInputCrossTextureSamplingFilter.h; sourceTree = "<group>"; };
		C2958B511F44470000CA099B /* GPUImageTwoInputFilter.h */ = {isa = PBXFileReference; fileEncoding = 4; lastKnownFileType = sourcecode.c.h; path = GPUImageTwoInputFilter.h; sourceTree = "<group>"; };
		C2958B521F44470000CA099B /* GPUImageTwoPassFilter.h */ = {isa = PBXFileReference; fileEncoding = 4; lastKnownFileType = sourcecode.c.h; path = GPUImageTwoPassFilter.h; sourceTree = "<group>"; };
		C2958B531F44470000CA099B /* GPUImageTwoPassTextureSamplingFilter.h */ = {isa = PBXFileReference; fileEncoding = 4; lastKnownFileType = sourcecode.c.h; path = GPUImageTwoPassTextureSamplingFilter.h; sourceTree = "<group>"; };
		C2958B541F44470000CA099B /* GPUImageUIElement.h */ = {isa = PBXFileReference; fileEncoding = 4; lastKnownFileType = sourcecode.c.h; path = GPUImageUIElement.h; sourceTree = "<group>"; };
		C2958B551F44470000CA099B /* GPUImageUnsharpMaskFilter.h */ = {isa = PBXFileReference; fileEncoding = 4; lastKnownFileType = sourcecode.c.h; path = GPUImageUnsharpMaskFilter.h; sourceTree = "<group>"; };
		C2958B561F44470000CA099B /* GPUImageVideoCamera.h */ = {isa = PBXFileReference; fileEncoding = 4; lastKnownFileType = sourcecode.c.h; path = GPUImageVideoCamera.h; sourceTree = "<group>"; };
		C2958B571F44470000CA099B /* GPUImageView.h */ = {isa = PBXFileReference; fileEncoding = 4; lastKnownFileType = sourcecode.c.h; path = GPUImageView.h; sourceTree = "<group>"; };
		C2958B581F44470000CA099B /* GPUImageVignetteFilter.h */ = {isa = PBXFileReference; fileEncoding = 4; lastKnownFileType = sourcecode.c.h; path = GPUImageVignetteFilter.h; sourceTree = "<group>"; };
		C2958B591F44470000CA099B /* GPUImageVoronoiConsumerFilter.h */ = {isa = PBXFileReference; fileEncoding = 4; lastKnownFileType = sourcecode.c.h; path = GPUImageVoronoiConsumerFilter.h; sourceTree = "<group>"; };
		C2958B5A1F44470000CA099B /* GPUImageWeakPixelInclusionFilter.h */ = {isa = PBXFileReference; fileEncoding = 4; lastKnownFileType = sourcecode.c.h; path = GPUImageWeakPixelInclusionFilter.h; sourceTree = "<group>"; };
		C2958B5B1F44470000CA099B /* GPUImageWhiteBalanceFilter.h */ = {isa = PBXFileReference; fileEncoding = 4; lastKnownFileType = sourcecode.c.h; path = GPUImageWhiteBalanceFilter.h; sourceTree = "<group>"; };
		C2958B5C1F44470000CA099B /* GPUImageXYDerivativeFilter.h */ = {isa = PBXFileReference; fileEncoding = 4; lastKnownFileType = sourcecode.c.h; path = GPUImageXYDerivativeFilter.h; sourceTree = "<group>"; };
		C2958B5D1F44470000CA099B /* GPUImageZoomBlurFilter.h */ = {isa = PBXFileReference; fileEncoding = 4; lastKnownFileType = sourcecode.c.h; path = GPUImageZoomBlurFilter.h; sourceTree = "<group>"; };
/* End PBXFileReference section */

/* Begin PBXFrameworksBuildPhase section */
		C22772061F3B420400CEBA45 /* Frameworks */ = {
			isa = PBXFrameworksBuildPhase;
			buildActionMask = 2147483647;
			files = (
				C2958B5E1F44470000CA099B /* libGPUImage.a in Frameworks */,
			);
			runOnlyForDeploymentPostprocessing = 0;
		};
		C227721F1F3B420400CEBA45 /* Frameworks */ = {
			isa = PBXFrameworksBuildPhase;
			buildActionMask = 2147483647;
			files = (
			);
			runOnlyForDeploymentPostprocessing = 0;
		};
		C227722A1F3B420400CEBA45 /* Frameworks */ = {
			isa = PBXFrameworksBuildPhase;
			buildActionMask = 2147483647;
			files = (
			);
			runOnlyForDeploymentPostprocessing = 0;
		};
/* End PBXFrameworksBuildPhase section */

/* Begin PBXGroup section */
		C22772001F3B420400CEBA45 = {
			isa = PBXGroup;
			children = (
				C227720B1F3B420400CEBA45 /* LMVideoManager */,
				C22772251F3B420400CEBA45 /* LMVideoManagerTests */,
				C22772301F3B420400CEBA45 /* LMVideoManagerUITests */,
				C227720A1F3B420400CEBA45 /* Products */,
			);
			sourceTree = "<group>";
		};
		C227720A1F3B420400CEBA45 /* Products */ = {
			isa = PBXGroup;
			children = (
				C22772091F3B420400CEBA45 /* LMVideoManager.app */,
				C22772221F3B420400CEBA45 /* LMVideoManagerTests.xctest */,
				C227722D1F3B420400CEBA45 /* LMVideoManagerUITests.xctest */,
			);
			name = Products;
			sourceTree = "<group>";
		};
		C227720B1F3B420400CEBA45 /* LMVideoManager */ = {
			isa = PBXGroup;
			children = (
				C2958AAD1F44470000CA099B /* gpuimage */,
				C2958AA91F4446D100CA099B /* GPUImageBeautifyFilter */,
				C22772451F3B423E00CEBA45 /* VideoRecord */,
				C227720F1F3B420400CEBA45 /* AppDelegate.h */,
				C22772101F3B420400CEBA45 /* AppDelegate.m */,
				C22772121F3B420400CEBA45 /* ViewController.h */,
				C22772131F3B420400CEBA45 /* ViewController.m */,
				C22772421F3B423200CEBA45 /* LMVideoViewController.h */,
				C22772431F3B423200CEBA45 /* LMVideoViewController.m */,
				C2958AA21F443D2500CA099B /* LMNoticeLabel.m */,
				C2958AA31F443D2500CA099B /* LMNoticeLabel.h */,
				C22772151F3B420400CEBA45 /* Main.storyboard */,
				C22772181F3B420400CEBA45 /* Assets.xcassets */,
				C227721A1F3B420400CEBA45 /* LaunchScreen.storyboard */,
				C227721D1F3B420400CEBA45 /* Info.plist */,
				C227720C1F3B420400CEBA45 /* Supporting Files */,
			);
			path = LMVideoManager;
			sourceTree = "<group>";
		};
		C227720C1F3B420400CEBA45 /* Supporting Files */ = {
			isa = PBXGroup;
			children = (
				C227720D1F3B420400CEBA45 /* main.m */,
			);
			name = "Supporting Files";
			sourceTree = "<group>";
		};
		C22772251F3B420400CEBA45 /* LMVideoManagerTests */ = {
			isa = PBXGroup;
			children = (
				C22772261F3B420400CEBA45 /* LMVideoManagerTests.m */,
				C22772281F3B420400CEBA45 /* Info.plist */,
			);
			path = LMVideoManagerTests;
			sourceTree = "<group>";
		};
		C22772301F3B420400CEBA45 /* LMVideoManagerUITests */ = {
			isa = PBXGroup;
			children = (
				C22772311F3B420400CEBA45 /* LMVideoManagerUITests.m */,
				C22772331F3B420400CEBA45 /* Info.plist */,
			);
			path = LMVideoManagerUITests;
			sourceTree = "<group>";
		};
		C22772451F3B423E00CEBA45 /* VideoRecord */ = {
			isa = PBXGroup;
			children = (
				C227723F1F3B422900CEBA45 /* LMVideoManager.h */,
				C22772401F3B422900CEBA45 /* LMVideoManager.m */,
			);
			name = VideoRecord;
			sourceTree = "<group>";
		};
		C2958AA91F4446D100CA099B /* GPUImageBeautifyFilter */ = {
			isa = PBXGroup;
			children = (
				C2958AAA1F4446D100CA099B /* GPUImageBeautifyFilter.h */,
				C2958AAB1F4446D100CA099B /* GPUImageBeautifyFilter.m */,
			);
			path = GPUImageBeautifyFilter;
			sourceTree = "<group>";
		};
		C2958AAD1F44470000CA099B /* gpuimage */ = {
			isa = PBXGroup;
			children = (
				C2958AAE1F44470000CA099B /* libGPUImage.a */,
				C2958AAF1F44470000CA099B /* usr */,
			);
			path = gpuimage;
			sourceTree = "<group>";
		};
		C2958AAF1F44470000CA099B /* usr */ = {
			isa = PBXGroup;
			children = (
				C2958AB01F44470000CA099B /* local */,
			);
			path = usr;
			sourceTree = "<group>";
		};
		C2958AB01F44470000CA099B /* local */ = {
			isa = PBXGroup;
			children = (
				C2958AB11F44470000CA099B /* include */,
			);
			path = local;
			sourceTree = "<group>";
		};
		C2958AB11F44470000CA099B /* include */ = {
			isa = PBXGroup;
			children = (
				C2958AB21F44470000CA099B /* GLProgram.h */,
				C2958AB31F44470000CA099B /* GPUImage.h */,
				C2958AB41F44470000CA099B /* GPUImage3x3ConvolutionFilter.h */,
				C2958AB51F44470000CA099B /* GPUImage3x3TextureSamplingFilter.h */,
				C2958AB61F44470000CA099B /* GPUImageAdaptiveThresholdFilter.h */,
				C2958AB71F44470000CA099B /* GPUImageAddBlendFilter.h */,
				C2958AB81F44470000CA099B /* GPUImageAlphaBlendFilter.h */,
				C2958AB91F44470000CA099B /* GPUImageAmatorkaFilter.h */,
				C2958ABA1F44470000CA099B /* GPUImageAverageColor.h */,
				C2958ABB1F44470000CA099B /* GPUImageAverageLuminanceThresholdFilter.h */,
				C2958ABC1F44470000CA099B /* GPUImageBilateralFilter.h */,
				C2958ABD1F44470000CA099B /* GPUImageBoxBlurFilter.h */,
				C2958ABE1F44470000CA099B /* GPUImageBrightnessFilter.h */,
				C2958ABF1F44470000CA099B /* GPUImageBuffer.h */,
				C2958AC01F44470000CA099B /* GPUImageBulgeDistortionFilter.h */,
				C2958AC11F44470000CA099B /* GPUImageCannyEdgeDetectionFilter.h */,
				C2958AC21F44470000CA099B /* GPUImageCGAColorspaceFilter.h */,
				C2958AC31F44470000CA099B /* GPUImageChromaKeyBlendFilter.h */,
				C2958AC41F44470000CA099B /* GPUImageChromaKeyFilter.h */,
				C2958AC51F44470000CA099B /* GPUImageClosingFilter.h */,
				C2958AC61F44470000CA099B /* GPUImageColorBlendFilter.h */,
				C2958AC71F44470000CA099B /* GPUImageColorBurnBlendFilter.h */,
				C2958AC81F44470000CA099B /* GPUImageColorConversion.h */,
				C2958AC91F44470000CA099B /* GPUImageColorDodgeBlendFilter.h */,
				C2958ACA1F44470000CA099B /* GPUImageColorInvertFilter.h */,
				C2958ACB1F44470000CA099B /* GPUImageColorLocalBinaryPatternFilter.h */,
				C2958ACC1F44470000CA099B /* GPUImageColorMatrixFilter.h */,
				C2958ACD1F44470000CA099B /* GPUImageColorPackingFilter.h */,
				C2958ACE1F44470000CA099B /* GPUImageColourFASTFeatureDetector.h */,
				C2958ACF1F44470000CA099B /* GPUImageColourFASTSamplingOperation.h */,
				C2958AD01F44470000CA099B /* GPUImageContext.h */,
				C2958AD11F44470000CA099B /* GPUImageContrastFilter.h */,
				C2958AD21F44470000CA099B /* GPUImageCropFilter.h */,
				C2958AD31F44470000CA099B /* GPUImageCrosshairGenerator.h */,
				C2958AD41F44470000CA099B /* GPUImageCrosshatchFilter.h */,
				C2958AD51F44470000CA099B /* GPUImageDarkenBlendFilter.h */,
				C2958AD61F44470000CA099B /* GPUImageDifferenceBlendFilter.h */,
				C2958AD71F44470000CA099B /* GPUImageDilationFilter.h */,
				C2958AD81F44470000CA099B /* GPUImageDirectionalNonMaximumSuppressionFilter.h */,
				C2958AD91F44470000CA099B /* GPUImageDirectionalSobelEdgeDetectionFilter.h */,
				C2958ADA1F44470000CA099B /* GPUImageDissolveBlendFilter.h */,
				C2958ADB1F44470000CA099B /* GPUImageDivideBlendFilter.h */,
				C2958ADC1F44470000CA099B /* GPUImageEmbossFilter.h */,
				C2958ADD1F44470000CA099B /* GPUImageErosionFilter.h */,
				C2958ADE1F44470000CA099B /* GPUImageExclusionBlendFilter.h */,
				C2958ADF1F44470000CA099B /* GPUImageExposureFilter.h */,
				C2958AE01F44470000CA099B /* GPUImageFalseColorFilter.h */,
				C2958AE11F44470000CA099B /* GPUImageFASTCornerDetectionFilter.h */,
				C2958AE21F44470000CA099B /* GPUImageFilter.h */,
				C2958AE31F44470000CA099B /* GPUImageFilterGroup.h */,
				C2958AE41F44470000CA099B /* GPUImageFilterPipeline.h */,
				C2958AE51F44470000CA099B /* GPUImageFourInputFilter.h */,
				C2958AE61F44470000CA099B /* GPUImageFramebuffer.h */,
				C2958AE71F44470000CA099B /* GPUImageFramebufferCache.h */,
				C2958AE81F44470000CA099B /* GPUImageFramework.h */,
				C2958AE91F44470000CA099B /* GPUImageGammaFilter.h */,
				C2958AEA1F44470000CA099B /* GPUImageGaussianBlurFilter.h */,
				C2958AEB1F44470000CA099B /* GPUImageGaussianBlurPositionFilter.h */,
				C2958AEC1F44470000CA099B /* GPUImageGaussianSelectiveBlurFilter.h */,
				C2958AED1F44470000CA099B /* GPUImageGlassSphereFilter.h */,
				C2958AEE1F44470000CA099B /* GPUImageGrayscaleFilter.h */,
				C2958AEF1F44470000CA099B /* GPUImageHalftoneFilter.h */,
				C2958AF01F44470000CA099B /* GPUImageHardLightBlendFilter.h */,
				C2958AF11F44470000CA099B /* GPUImageHarrisCornerDetectionFilter.h */,
				C2958AF21F44470000CA099B /* GPUImageHazeFilter.h */,
				C2958AF31F44470000CA099B /* GPUImageHighlightShadowFilter.h */,
				C2958AF41F44470000CA099B /* GPUImageHighPassFilter.h */,
				C2958AF51F44470000CA099B /* GPUImageHistogramEqualizationFilter.h */,
				C2958AF61F44470000CA099B /* GPUImageHistogramFilter.h */,
				C2958AF71F44470000CA099B /* GPUImageHistogramGenerator.h */,
				C2958AF81F44470000CA099B /* GPUImageHoughTransformLineDetector.h */,
				C2958AF91F44470000CA099B /* GPUImageHSBFilter.h */,
				C2958AFA1F44470000CA099B /* GPUImageHueBlendFilter.h */,
				C2958AFB1F44470000CA099B /* GPUImageHueFilter.h */,
				C2958AFC1F44470000CA099B /* GPUImageiOSBlurFilter.h */,
				C2958AFD1F44470000CA099B /* GPUImageJFAVoronoiFilter.h */,
				C2958AFE1F44470000CA099B /* GPUImageKuwaharaFilter.h */,
				C2958AFF1F44470000CA099B /* GPUImageKuwaharaRadius3Filter.h */,
				C2958B001F44470000CA099B /* GPUImageLanczosResamplingFilter.h */,
				C2958B011F44470000CA099B /* GPUImageLaplacianFilter.h */,
				C2958B021F44470000CA099B /* GPUImageLevelsFilter.h */,
				C2958B031F44470000CA099B /* GPUImageLightenBlendFilter.h */,
				C2958B041F44470000CA099B /* GPUImageLinearBurnBlendFilter.h */,
				C2958B051F44470000CA099B /* GPUImageLineGenerator.h */,
				C2958B061F44470000CA099B /* GPUImageLocalBinaryPatternFilter.h */,
				C2958B071F44470000CA099B /* GPUImageLookupFilter.h */,
				C2958B081F44470000CA099B /* GPUImageLowPassFilter.h */,
				C2958B091F44470000CA099B /* GPUImageLuminanceRangeFilter.h */,
				C2958B0A1F44470000CA099B /* GPUImageLuminanceThresholdFilter.h */,
				C2958B0B1F44470000CA099B /* GPUImageLuminosity.h */,
				C2958B0C1F44470000CA099B /* GPUImageLuminosityBlendFilter.h */,
				C2958B0D1F44470000CA099B /* GPUImageMaskFilter.h */,
				C2958B0E1F44470000CA099B /* GPUImageMedianFilter.h */,
				C2958B0F1F44470000CA099B /* GPUImageMissEtikateFilter.h */,
				C2958B101F44470000CA099B /* GPUImageMonochromeFilter.h */,
				C2958B111F44470000CA099B /* GPUImageMosaicFilter.h */,
				C2958B121F44470000CA099B /* GPUImageMotionBlurFilter.h */,
				C2958B131F44470000CA099B /* GPUImageMotionDetector.h */,
				C2958B141F44470000CA099B /* GPUImageMovie.h */,
				C2958B151F44470000CA099B /* GPUImageMovieComposition.h */,
				C2958B161F44470000CA099B /* GPUImageMovieWriter.h */,
				C2958B171F44470000CA099B /* GPUImageMultiplyBlendFilter.h */,
				C2958B181F44470000CA099B /* GPUImageNobleCornerDetectionFilter.h */,
				C2958B191F44470000CA099B /* GPUImageNonMaximumSuppressionFilter.h */,
				C2958B1A1F44470000CA099B /* GPUImageNormalBlendFilter.h */,
				C2958B1B1F44470000CA099B /* GPUImageOpacityFilter.h */,
				C2958B1C1F44470000CA099B /* GPUImageOpeningFilter.h */,
				C2958B1D1F44470000CA099B /* GPUImageOutput.h */,
				C2958B1E1F44470000CA099B /* GPUImageOverlayBlendFilter.h */,
				C2958B1F1F44470000CA099B /* GPUImageParallelCoordinateLineTransformFilter.h */,
				C2958B201F44470000CA099B /* GPUImagePerlinNoiseFilter.h */,
				C2958B211F44470000CA099B /* GPUImagePicture+TextureSubimage.h */,
				C2958B221F44470000CA099B /* GPUImagePicture.h */,
				C2958B231F44470000CA099B /* GPUImagePinchDistortionFilter.h */,
				C2958B241F44470000CA099B /* GPUImagePixellateFilter.h */,
				C2958B251F44470000CA099B /* GPUImagePixellatePositionFilter.h */,
				C2958B261F44470000CA099B /* GPUImagePoissonBlendFilter.h */,
				C2958B271F44470000CA099B /* GPUImagePolarPixellateFilter.h */,
				C2958B281F44470000CA099B /* GPUImagePolkaDotFilter.h */,
				C2958B291F44470000CA099B /* GPUImagePosterizeFilter.h */,
				C2958B2A1F44470000CA099B /* GPUImagePrewittEdgeDetectionFilter.h */,
				C2958B2B1F44470000CA099B /* GPUImageRawDataInput.h */,
				C2958B2C1F44470000CA099B /* GPUImageRawDataOutput.h */,
				C2958B2D1F44470000CA099B /* GPUImageRGBClosingFilter.h */,
				C2958B2E1F44470000CA099B /* GPUImageRGBDilationFilter.h */,
				C2958B2F1F44470000CA099B /* GPUImageRGBErosionFilter.h */,
				C2958B301F44470000CA099B /* GPUImageRGBFilter.h */,
				C2958B311F44470000CA099B /* GPUImageRGBOpeningFilter.h */,
				C2958B321F44470000CA099B /* GPUImageSaturationBlendFilter.h */,
				C2958B331F44470000CA099B /* GPUImageSaturationFilter.h */,
				C2958B341F44470000CA099B /* GPUImageScreenBlendFilter.h */,
				C2958B351F44470000CA099B /* GPUImageSepiaFilter.h */,
				C2958B361F44470000CA099B /* GPUImageSharpenFilter.h */,
				C2958B371F44470000CA099B /* GPUImageShiTomasiFeatureDetectionFilter.h */,
				C2958B381F44470000CA099B /* GPUImageSingleComponentGaussianBlurFilter.h */,
				C2958B391F44470000CA099B /* GPUImageSketchFilter.h */,
				C2958B3A1F44470000CA099B /* GPUImageSmoothToonFilter.h */,
				C2958B3B1F44470000CA099B /* GPUImageSobelEdgeDetectionFilter.h */,
				C2958B3C1F44470000CA099B /* GPUImageSoftEleganceFilter.h */,
				C2958B3D1F44470000CA099B /* GPUImageSoftLightBlendFilter.h */,
				C2958B3E1F44470000CA099B /* GPUImageSolarizeFilter.h */,
				C2958B3F1F44470000CA099B /* GPUImageSolidColorGenerator.h */,
				C2958B401F44470000CA099B /* GPUImageSourceOverBlendFilter.h */,
				C2958B411F44470000CA099B /* GPUImageSphereRefractionFilter.h */,
				C2958B421F44470000CA099B /* GPUImageStillCamera.h */,
				C2958B431F44470000CA099B /* GPUImageStretchDistortionFilter.h */,
				C2958B441F44470000CA099B /* GPUImageSubtractBlendFilter.h */,
				C2958B451F44470000CA099B /* GPUImageSwirlFilter.h */,
				C2958B461F44470000CA099B /* GPUImageTextureInput.h */,
				C2958B471F44470000CA099B /* GPUImageTextureOutput.h */,
				C2958B481F44470000CA099B /* GPUImageThreeInputFilter.h */,
				C2958B491F44470000CA099B /* GPUImageThresholdEdgeDetectionFilter.h */,
				C2958B4A1F44470000CA099B /* GPUImageThresholdedNonMaximumSuppressionFilter.h */,
				C2958B4B1F44470000CA099B /* GPUImageThresholdSketchFilter.h */,
				C2958B4C1F44470000CA099B /* GPUImageTiltShiftFilter.h */,
				C2958B4D1F44470000CA099B /* GPUImageToneCurveFilter.h */,
				C2958B4E1F44470000CA099B /* GPUImageToonFilter.h */,
				C2958B4F1F44470000CA099B /* GPUImageTransformFilter.h */,
				C2958B501F44470000CA099B /* GPUImageTwoInputCrossTextureSamplingFilter.h */,
				C2958B511F44470000CA099B /* GPUImageTwoInputFilter.h */,
				C2958B521F44470000CA099B /* GPUImageTwoPassFilter.h */,
				C2958B531F44470000CA099B /* GPUImageTwoPassTextureSamplingFilter.h */,
				C2958B541F44470000CA099B /* GPUImageUIElement.h */,
				C2958B551F44470000CA099B /* GPUImageUnsharpMaskFilter.h */,
				C2958B561F44470000CA099B /* GPUImageVideoCamera.h */,
				C2958B571F44470000CA099B /* GPUImageView.h */,
				C2958B581F44470000CA099B /* GPUImageVignetteFilter.h */,
				C2958B591F44470000CA099B /* GPUImageVoronoiConsumerFilter.h */,
				C2958B5A1F44470000CA099B /* GPUImageWeakPixelInclusionFilter.h */,
				C2958B5B1F44470000CA099B /* GPUImageWhiteBalanceFilter.h */,
				C2958B5C1F44470000CA099B /* GPUImageXYDerivativeFilter.h */,
				C2958B5D1F44470000CA099B /* GPUImageZoomBlurFilter.h */,
			);
			path = include;
			sourceTree = "<group>";
		};
/* End PBXGroup section */

/* Begin PBXNativeTarget section */
		C22772081F3B420400CEBA45 /* LMVideoManager */ = {
			isa = PBXNativeTarget;
			buildConfigurationList = C22772361F3B420400CEBA45 /* Build configuration list for PBXNativeTarget "LMVideoManager" */;
			buildPhases = (
				C22772051F3B420400CEBA45 /* Sources */,
				C22772061F3B420400CEBA45 /* Frameworks */,
				C22772071F3B420400CEBA45 /* Resources */,
			);
			buildRules = (
			);
			dependencies = (
			);
			name = LMVideoManager;
			productName = LMVideoManager;
			productReference = C22772091F3B420400CEBA45 /* LMVideoManager.app */;
			productType = "com.apple.product-type.application";
		};
		C22772211F3B420400CEBA45 /* LMVideoManagerTests */ = {
			isa = PBXNativeTarget;
			buildConfigurationList = C22772391F3B420400CEBA45 /* Build configuration list for PBXNativeTarget "LMVideoManagerTests" */;
			buildPhases = (
				C227721E1F3B420400CEBA45 /* Sources */,
				C227721F1F3B420400CEBA45 /* Frameworks */,
				C22772201F3B420400CEBA45 /* Resources */,
			);
			buildRules = (
			);
			dependencies = (
				C22772241F3B420400CEBA45 /* PBXTargetDependency */,
			);
			name = LMVideoManagerTests;
			productName = LMVideoManagerTests;
			productReference = C22772221F3B420400CEBA45 /* LMVideoManagerTests.xctest */;
			productType = "com.apple.product-type.bundle.unit-test";
		};
		C227722C1F3B420400CEBA45 /* LMVideoManagerUITests */ = {
			isa = PBXNativeTarget;
			buildConfigurationList = C227723C1F3B420400CEBA45 /* Build configuration list for PBXNativeTarget "LMVideoManagerUITests" */;
			buildPhases = (
				C22772291F3B420400CEBA45 /* Sources */,
				C227722A1F3B420400CEBA45 /* Frameworks */,
				C227722B1F3B420400CEBA45 /* Resources */,
			);
			buildRules = (
			);
			dependencies = (
				C227722F1F3B420400CEBA45 /* PBXTargetDependency */,
			);
			name = LMVideoManagerUITests;
			productName = LMVideoManagerUITests;
			productReference = C227722D1F3B420400CEBA45 /* LMVideoManagerUITests.xctest */;
			productType = "com.apple.product-type.bundle.ui-testing";
		};
/* End PBXNativeTarget section */

/* Begin PBXProject section */
		C22772011F3B420400CEBA45 /* Project object */ = {
			isa = PBXProject;
			attributes = {
				LastUpgradeCheck = 0830;
				ORGANIZATIONNAME = "张利民";
				TargetAttributes = {
					C22772081F3B420400CEBA45 = {
						CreatedOnToolsVersion = 8.3.2;
						DevelopmentTeam = S52M67C9M5;
						ProvisioningStyle = Automatic;
					};
					C22772211F3B420400CEBA45 = {
						CreatedOnToolsVersion = 8.3.2;
						ProvisioningStyle = Automatic;
						TestTargetID = C22772081F3B420400CEBA45;
					};
					C227722C1F3B420400CEBA45 = {
						CreatedOnToolsVersion = 8.3.2;
						ProvisioningStyle = Automatic;
						TestTargetID = C22772081F3B420400CEBA45;
					};
				};
			};
			buildConfigurationList = C22772041F3B420400CEBA45 /* Build configuration list for PBXProject "LMVideoManager" */;
			compatibilityVersion = "Xcode 3.2";
			developmentRegion = English;
			hasScannedForEncodings = 0;
			knownRegions = (
				en,
				Base,
			);
			mainGroup = C22772001F3B420400CEBA45;
			productRefGroup = C227720A1F3B420400CEBA45 /* Products */;
			projectDirPath = "";
			projectRoot = "";
			targets = (
				C22772081F3B420400CEBA45 /* LMVideoManager */,
				C22772211F3B420400CEBA45 /* LMVideoManagerTests */,
				C227722C1F3B420400CEBA45 /* LMVideoManagerUITests */,
			);
		};
/* End PBXProject section */

/* Begin PBXResourcesBuildPhase section */
		C22772071F3B420400CEBA45 /* Resources */ = {
			isa = PBXResourcesBuildPhase;
			buildActionMask = 2147483647;
			files = (
				C227721C1F3B420400CEBA45 /* LaunchScreen.storyboard in Resources */,
				C22772191F3B420400CEBA45 /* Assets.xcassets in Resources */,
				C22772171F3B420400CEBA45 /* Main.storyboard in Resources */,
			);
			runOnlyForDeploymentPostprocessing = 0;
		};
		C22772201F3B420400CEBA45 /* Resources */ = {
			isa = PBXResourcesBuildPhase;
			buildActionMask = 2147483647;
			files = (
			);
			runOnlyForDeploymentPostprocessing = 0;
		};
		C227722B1F3B420400CEBA45 /* Resources */ = {
			isa = PBXResourcesBuildPhase;
			buildActionMask = 2147483647;
			files = (
			);
			runOnlyForDeploymentPostprocessing = 0;
		};
/* End PBXResourcesBuildPhase section */

/* Begin PBXSourcesBuildPhase section */
		C22772051F3B420400CEBA45 /* Sources */ = {
			isa = PBXSourcesBuildPhase;
			buildActionMask = 2147483647;
			files = (
				C22772441F3B423200CEBA45 /* LMVideoViewController.m in Sources */,
				C22772141F3B420400CEBA45 /* ViewController.m in Sources */,
				C22772111F3B420400CEBA45 /* AppDelegate.m in Sources */,
				C2958AAC1F4446D100CA099B /* GPUImageBeautifyFilter.m in Sources */,
				C2958AA41F443D2500CA099B /* LMNoticeLabel.m in Sources */,
				C22772411F3B422900CEBA45 /* LMVideoManager.m in Sources */,
				C227720E1F3B420400CEBA45 /* main.m in Sources */,
			);
			runOnlyForDeploymentPostprocessing = 0;
		};
		C227721E1F3B420400CEBA45 /* Sources */ = {
			isa = PBXSourcesBuildPhase;
			buildActionMask = 2147483647;
			files = (
				C22772271F3B420400CEBA45 /* LMVideoManagerTests.m in Sources */,
			);
			runOnlyForDeploymentPostprocessing = 0;
		};
		C22772291F3B420400CEBA45 /* Sources */ = {
			isa = PBXSourcesBuildPhase;
			buildActionMask = 2147483647;
			files = (
				C22772321F3B420400CEBA45 /* LMVideoManagerUITests.m in Sources */,
			);
			runOnlyForDeploymentPostprocessing = 0;
		};
/* End PBXSourcesBuildPhase section */

/* Begin PBXTargetDependency section */
		C22772241F3B420400CEBA45 /* PBXTargetDependency */ = {
			isa = PBXTargetDependency;
			target = C22772081F3B420400CEBA45 /* LMVideoManager */;
			targetProxy = C22772231F3B420400CEBA45 /* PBXContainerItemProxy */;
		};
		C227722F1F3B420400CEBA45 /* PBXTargetDependency */ = {
			isa = PBXTargetDependency;
			target = C22772081F3B420400CEBA45 /* LMVideoManager */;
			targetProxy = C227722E1F3B420400CEBA45 /* PBXContainerItemProxy */;
		};
/* End PBXTargetDependency section */

/* Begin PBXVariantGroup section */
		C22772151F3B420400CEBA45 /* Main.storyboard */ = {
			isa = PBXVariantGroup;
			children = (
				C22772161F3B420400CEBA45 /* Base */,
			);
			name = Main.storyboard;
			sourceTree = "<group>";
		};
		C227721A1F3B420400CEBA45 /* LaunchScreen.storyboard */ = {
			isa = PBXVariantGroup;
			children = (
				C227721B1F3B420400CEBA45 /* Base */,
			);
			name = LaunchScreen.storyboard;
			sourceTree = "<group>";
		};
/* End PBXVariantGroup section */

/* Begin XCBuildConfiguration section */
		C22772341F3B420400CEBA45 /* Debug */ = {
			isa = XCBuildConfiguration;
			buildSettings = {
				ALWAYS_SEARCH_USER_PATHS = NO;
				CLANG_ANALYZER_NONNULL = YES;
				CLANG_ANALYZER_NUMBER_OBJECT_CONVERSION = YES_AGGRESSIVE;
				CLANG_CXX_LANGUAGE_STANDARD = "gnu++0x";
				CLANG_CXX_LIBRARY = "libc++";
				CLANG_ENABLE_MODULES = YES;
				CLANG_ENABLE_OBJC_ARC = YES;
				CLANG_WARN_BOOL_CONVERSION = YES;
				CLANG_WARN_CONSTANT_CONVERSION = YES;
				CLANG_WARN_DIRECT_OBJC_ISA_USAGE = YES_ERROR;
				CLANG_WARN_DOCUMENTATION_COMMENTS = YES;
				CLANG_WARN_EMPTY_BODY = YES;
				CLANG_WARN_ENUM_CONVERSION = YES;
				CLANG_WARN_INFINITE_RECURSION = YES;
				CLANG_WARN_INT_CONVERSION = YES;
				CLANG_WARN_OBJC_ROOT_CLASS = YES_ERROR;
				CLANG_WARN_SUSPICIOUS_MOVE = YES;
				CLANG_WARN_UNREACHABLE_CODE = YES;
				CLANG_WARN__DUPLICATE_METHOD_MATCH = YES;
				"CODE_SIGN_IDENTITY[sdk=iphoneos*]" = "iPhone Developer";
				COPY_PHASE_STRIP = NO;
				DEBUG_INFORMATION_FORMAT = dwarf;
				ENABLE_STRICT_OBJC_MSGSEND = YES;
				ENABLE_TESTABILITY = YES;
				GCC_C_LANGUAGE_STANDARD = gnu99;
				GCC_DYNAMIC_NO_PIC = NO;
				GCC_NO_COMMON_BLOCKS = YES;
				GCC_OPTIMIZATION_LEVEL = 0;
				GCC_PREPROCESSOR_DEFINITIONS = (
					"DEBUG=1",
					"$(inherited)",
				);
				GCC_WARN_64_TO_32_BIT_CONVERSION = YES;
				GCC_WARN_ABOUT_RETURN_TYPE = YES_ERROR;
				GCC_WARN_UNDECLARED_SELECTOR = YES;
				GCC_WARN_UNINITIALIZED_AUTOS = YES_AGGRESSIVE;
				GCC_WARN_UNUSED_FUNCTION = YES;
				GCC_WARN_UNUSED_VARIABLE = YES;
				IPHONEOS_DEPLOYMENT_TARGET = 10.3;
				MTL_ENABLE_DEBUG_INFO = YES;
				ONLY_ACTIVE_ARCH = YES;
				SDKROOT = iphoneos;
				TARGETED_DEVICE_FAMILY = "1,2";
			};
			name = Debug;
		};
		C22772351F3B420400CEBA45 /* Release */ = {
			isa = XCBuildConfiguration;
			buildSettings = {
				ALWAYS_SEARCH_USER_PATHS = NO;
				CLANG_ANALYZER_NONNULL = YES;
				CLANG_ANALYZER_NUMBER_OBJECT_CONVERSION = YES_AGGRESSIVE;
				CLANG_CXX_LANGUAGE_STANDARD = "gnu++0x";
				CLANG_CXX_LIBRARY = "libc++";
				CLANG_ENABLE_MODULES = YES;
				CLANG_ENABLE_OBJC_ARC = YES;
				CLANG_WARN_BOOL_CONVERSION = YES;
				CLANG_WARN_CONSTANT_CONVERSION = YES;
				CLANG_WARN_DIRECT_OBJC_ISA_USAGE = YES_ERROR;
				CLANG_WARN_DOCUMENTATION_COMMENTS = YES;
				CLANG_WARN_EMPTY_BODY = YES;
				CLANG_WARN_ENUM_CONVERSION = YES;
				CLANG_WARN_INFINITE_RECURSION = YES;
				CLANG_WARN_INT_CONVERSION = YES;
				CLANG_WARN_OBJC_ROOT_CLASS = YES_ERROR;
				CLANG_WARN_SUSPICIOUS_MOVE = YES;
				CLANG_WARN_UNREACHABLE_CODE = YES;
				CLANG_WARN__DUPLICATE_METHOD_MATCH = YES;
				"CODE_SIGN_IDENTITY[sdk=iphoneos*]" = "iPhone Developer";
				COPY_PHASE_STRIP = NO;
				DEBUG_INFORMATION_FORMAT = "dwarf-with-dsym";
				ENABLE_NS_ASSERTIONS = NO;
				ENABLE_STRICT_OBJC_MSGSEND = YES;
				GCC_C_LANGUAGE_STANDARD = gnu99;
				GCC_NO_COMMON_BLOCKS = YES;
				GCC_WARN_64_TO_32_BIT_CONVERSION = YES;
				GCC_WARN_ABOUT_RETURN_TYPE = YES_ERROR;
				GCC_WARN_UNDECLARED_SELECTOR = YES;
				GCC_WARN_UNINITIALIZED_AUTOS = YES_AGGRESSIVE;
				GCC_WARN_UNUSED_FUNCTION = YES;
				GCC_WARN_UNUSED_VARIABLE = YES;
				IPHONEOS_DEPLOYMENT_TARGET = 10.3;
				MTL_ENABLE_DEBUG_INFO = NO;
				SDKROOT = iphoneos;
				TARGETED_DEVICE_FAMILY = "1,2";
				VALIDATE_PRODUCT = YES;
			};
			name = Release;
		};
		C22772371F3B420400CEBA45 /* Debug */ = {
			isa = XCBuildConfiguration;
			buildSettings = {
				ASSETCATALOG_COMPILER_APPICON_NAME = AppIcon;
				DEVELOPMENT_TEAM = S52M67C9M5;
				ENABLE_BITCODE = NO;
				INFOPLIST_FILE = LMVideoManager/Info.plist;
				IPHONEOS_DEPLOYMENT_TARGET = 8.0;
				LD_RUNPATH_SEARCH_PATHS = "$(inherited) @executable_path/Frameworks";
				LIBRARY_SEARCH_PATHS = "$(PROJECT_DIR)/LMVideoManager/gpuimage";
				ONLY_ACTIVE_ARCH = YES;
				PRODUCT_BUNDLE_IDENTIFIER = ZCGAMES.LMVideoManager;
				PRODUCT_NAME = "$(TARGET_NAME)";
			};
			name = Debug;
		};
		C22772381F3B420400CEBA45 /* Release */ = {
			isa = XCBuildConfiguration;
			buildSettings = {
				ASSETCATALOG_COMPILER_APPICON_NAME = AppIcon;
				DEVELOPMENT_TEAM = S52M67C9M5;
				ENABLE_BITCODE = NO;
				INFOPLIST_FILE = LMVideoManager/Info.plist;
				IPHONEOS_DEPLOYMENT_TARGET = 8.0;
				LD_RUNPATH_SEARCH_PATHS = "$(inherited) @executable_path/Frameworks";
				LIBRARY_SEARCH_PATHS = "$(PROJECT_DIR)/LMVideoManager/gpuimage";
				PRODUCT_BUNDLE_IDENTIFIER = ZCGAMES.LMVideoManager;
				PRODUCT_NAME = "$(TARGET_NAME)";
			};
			name = Release;
		};
		C227723A1F3B420400CEBA45 /* Debug */ = {
			isa = XCBuildConfiguration;
			buildSettings = {
				BUNDLE_LOADER = "$(TEST_HOST)";
				INFOPLIST_FILE = LMVideoManagerTests/Info.plist;
				LD_RUNPATH_SEARCH_PATHS = "$(inherited) @executable_path/Frameworks @loader_path/Frameworks";
				PRODUCT_BUNDLE_IDENTIFIER = ZCGAMES.LMVideoManagerTests;
				PRODUCT_NAME = "$(TARGET_NAME)";
				TEST_HOST = "$(BUILT_PRODUCTS_DIR)/LMVideoManager.app/LMVideoManager";
			};
			name = Debug;
		};
		C227723B1F3B420400CEBA45 /* Release */ = {
			isa = XCBuildConfiguration;
			buildSettings = {
				BUNDLE_LOADER = "$(TEST_HOST)";
				INFOPLIST_FILE = LMVideoManagerTests/Info.plist;
				LD_RUNPATH_SEARCH_PATHS = "$(inherited) @executable_path/Frameworks @loader_path/Frameworks";
				PRODUCT_BUNDLE_IDENTIFIER = ZCGAMES.LMVideoManagerTests;
				PRODUCT_NAME = "$(TARGET_NAME)";
				TEST_HOST = "$(BUILT_PRODUCTS_DIR)/LMVideoManager.app/LMVideoManager";
			};
			name = Release;
		};
		C227723D1F3B420400CEBA45 /* Debug */ = {
			isa = XCBuildConfiguration;
			buildSettings = {
				INFOPLIST_FILE = LMVideoManagerUITests/Info.plist;
				LD_RUNPATH_SEARCH_PATHS = "$(inherited) @executable_path/Frameworks @loader_path/Frameworks";
				PRODUCT_BUNDLE_IDENTIFIER = ZCGAMES.LMVideoManagerUITests;
				PRODUCT_NAME = "$(TARGET_NAME)";
				TEST_TARGET_NAME = LMVideoManager;
			};
			name = Debug;
		};
		C227723E1F3B420400CEBA45 /* Release */ = {
			isa = XCBuildConfiguration;
			buildSettings = {
				INFOPLIST_FILE = LMVideoManagerUITests/Info.plist;
				LD_RUNPATH_SEARCH_PATHS = "$(inherited) @executable_path/Frameworks @loader_path/Frameworks";
				PRODUCT_BUNDLE_IDENTIFIER = ZCGAMES.LMVideoManagerUITests;
				PRODUCT_NAME = "$(TARGET_NAME)";
				TEST_TARGET_NAME = LMVideoManager;
			};
			name = Release;
		};
/* End XCBuildConfiguration section */

/* Begin XCConfigurationList section */
		C22772041F3B420400CEBA45 /* Build configuration list for PBXProject "LMVideoManager" */ = {
			isa = XCConfigurationList;
			buildConfigurations = (
				C22772341F3B420400CEBA45 /* Debug */,
				C22772351F3B420400CEBA45 /* Release */,
			);
			defaultConfigurationIsVisible = 0;
			defaultConfigurationName = Release;
		};
		C22772361F3B420400CEBA45 /* Build configuration list for PBXNativeTarget "LMVideoManager" */ = {
			isa = XCConfigurationList;
			buildConfigurations = (
				C22772371F3B420400CEBA45 /* Debug */,
				C22772381F3B420400CEBA45 /* Release */,
			);
			defaultConfigurationIsVisible = 0;
			defaultConfigurationName = Release;
		};
		C22772391F3B420400CEBA45 /* Build configuration list for PBXNativeTarget "LMVideoManagerTests" */ = {
			isa = XCConfigurationList;
			buildConfigurations = (
				C227723A1F3B420400CEBA45 /* Debug */,
				C227723B1F3B420400CEBA45 /* Release */,
			);
			defaultConfigurationIsVisible = 0;
			defaultConfigurationName = Release;
		};
		C227723C1F3B420400CEBA45 /* Build configuration list for PBXNativeTarget "LMVideoManagerUITests" */ = {
			isa = XCConfigurationList;
			buildConfigurations = (
				C227723D1F3B420400CEBA45 /* Debug */,
				C227723E1F3B420400CEBA45 /* Release */,
			);
			defaultConfigurationIsVisible = 0;
			defaultConfigurationName = Release;
		};
/* End XCConfigurationList section */
	};
	rootObject = C22772011F3B420400CEBA45 /* Project object */;
}
